{
  "name": "parsle",
  "version": "1.2.4",
  "lockfileVersion": 1,
  "requires": true,
  "dependencies": {
    "@firecubez/req": {
      "version": "1.2.1",
      "resolved": "https://registry.npmjs.org/@firecubez/req/-/req-1.2.1.tgz",
      "integrity": "sha512-EKmXtGT7tAeusuA2vIlcpqRkIdbcCWKwqmFeUD+6EmJozYut7XE0VFLLkjx0QIH3+wD54INlZ6rAsatJ+u3slQ=="
    },
    "isarray": {
      "version": "1.0.0",
      "resolved": "https://registry.npmjs.org/isarray/-/isarray-1.0.0.tgz",
      "integrity": "sha1-u5NdSFgsuhaMBoNJV6VKPgcSTxE="
    },
    "isobject": {
      "version": "2.1.0",
      "resolved": "https://registry.npmjs.org/isobject/-/isobject-2.1.0.tgz",
      "integrity": "sha1-8GVWEJaj8dou9GJy+BXIQNh+DIk=",
      "requires": {
        "isarray": "1.0.0"
      }
    },
    "line-column": {
      "version": "1.0.2",
      "resolved": "https://registry.npmjs.org/line-column/-/line-column-1.0.2.tgz",
      "integrity": "sha1-0lryk2tvSEkXKzEuR5LR2Ye8NKI=",
      "requires": {
        "isarray": "1.0.0",
        "isobject": "2.1.0"
      }
    },
    "mirrorprop": {
      "version": "1.0.1",
      "resolved": "https://registry.npmjs.org/mirrorprop/-/mirrorprop-1.0.1.tgz",
      "integrity": "sha512-FcDrpZs46Orf06FRBMMuUiqUA/rPh2tik1i22lpdMnvPX3SPbzogWqEtjm0cGSZp+PhQ+xClXJaEgQtat4Zy3Q=="
    }
  }
}
